{
  "requires": true,
  "lockfileVersion": 1,
  "dependencies": {
    "@types/echarts": {
      "version": "4.1.9",
      "resolved": "https://registry.npmjs.org/@types/echarts/-/echarts-4.1.9.tgz",
      "integrity": "sha512-0cHLF2RGFtAzWNph5URXIioSGYhIOeDXI7H11eeIpTOjerTP7HiPrCs+hOOYF5Ym2VmMRsbd3pA0KnnVFiXlCw==",
      "dev": true,
      "requires": {
        "@types/zrender": "*"
      }
    },
    "@types/zrender": {
      "version": "4.0.0",
      "resolved": "https://registry.npmjs.org/@types/zrender/-/zrender-4.0.0.tgz",
      "integrity": "sha512-s89GOIeKFiod2KSqHkfd2rzx+T2DVu7ihZCBEBnhFrzvQPUmzvDSBot9Fi1DfMQm9Odg+rTqoMGC38RvrwJK2w==",
      "dev": true
    },
    "ngx-echarts": {
      "version": "4.1.1",
      "resolved": "https://registry.npmjs.org/ngx-echarts/-/ngx-echarts-4.1.1.tgz",
      "integrity": "sha512-/lg/M8Vulx/amyAEX0U7xTTMW7THp0x8eBccbFFezapxzJzlzdszg8Bq4XM21+7Tw0HO+yR8VWoLkmywBZb0Gg==",
      "requires": {
        "tslib": "^1.9.0"
      }
    },
    "tslib": {
      "version": "1.9.3",
      "resolved": "https://registry.npmjs.org/tslib/-/tslib-1.9.3.tgz",
      "integrity": "sha512-4krF8scpejhaOgqzBEcGM7yDIEfi0/8+8zDRZhNZZ2kjmHJ4hv3zCbQWxoJGz1iw5U0Jl0nma13xzHXcncMavQ=="
    }
  }
}
