{
  "requires": true,
  "lockfileVersion": 1,
  "dependencies": {
    "angular-bootstrap-md": {
      "version": "7.5.1",
      "resolved": "https://registry.npmjs.org/angular-bootstrap-md/-/angular-bootstrap-md-7.5.1.tgz",
      "integrity": "sha512-qrF4NiOeYc1QPgZTnZZK5xqmw6InkXs+KNsYJldRYiDcXOJR0YhxphM9WTp8YntbJRvIh/oO84nyKDt3njt9pQ==",
      "requires": {
        "tslib": "^1.9.0"
      }
    },
    "tslib": {
      "version": "1.9.3",
      "resolved": "https://registry.npmjs.org/tslib/-/tslib-1.9.3.tgz",
      "integrity": "sha512-4krF8scpejhaOgqzBEcGM7yDIEfi0/8+8zDRZhNZZ2kjmHJ4hv3zCbQWxoJGz1iw5U0Jl0nma13xzHXcncMavQ=="
    }
  }
}
